Microsoft Visual Studio Solution File, Format Version 12.00
Project("{2150E333-8FDC-42A3-9474-1A3956D46DE8}") = "src", "src", "{EBEF99DD-B53A-419B-A6CB-FEA9331D5602}"
EndProject
Project("{FAE04EC0-301F-11D3-BF4B-00C04F79EFBC}") = "QForms.Domain", "src\QForms.Domain\QForms.Domain.csproj", "{6EEC6F34-C0D7-439E-A6EB-C506837ECF72}"
EndProject
Project("{FAE04EC0-301F-11D3-BF4B-00C04F79EFBC}") = "QForms.Domain.Shared", "src\QForms.Domain.Shared\QForms.Domain.Shared.csproj", "{EDCCA367-89DD-4DC4-9B84-DCA91F5C7D87}"
EndProject
Project("{FAE04EC0-301F-11D3-BF4B-00C04F79EFBC}") = "QForms.Infrastructure", "src\QForms.Infrastructure\QForms.Infrastructure.csproj", "{34DD6E15-A6A8-4B63-BD9F-61F6ECE33923}"
EndProject
Project("{FAE04EC0-301F-11D3-BF4B-00C04F79EFBC}") = "QForms.Blazor", "src\QForms.Blazor\QForms.Blazor\QForms.Blazor.csproj", "{C94C7D7A-C718-4666-9A04-9F9C915F83EF}"
EndProject
Project("{FAE04EC0-301F-11D3-BF4B-00C04F79EFBC}") = "QForms.Blazor.Client", "src\QForms.Blazor\QForms.Blazor.Client\QForms.Blazor.Client.csproj", "{9CDDBEA0-3733-4EE5-AC01-D95B29F838A2}"
EndProject
Project("{FAE04EC0-301F-11D3-BF4B-00C04F79EFBC}") = "QForms.DbMigrator", "src\QForms.DbMigrator\QForms.DbMigrator.csproj", "{3D524BA1-E2AF-45FB-AE15-6064EDE66E12}"
EndProject
Project("{FAE04EC0-301F-11D3-BF4B-00C04F79EFBC}") = "QForms.Application", "src\QForms.Application\QForms.Application.csproj", "{0D8B1A86-8BD1-4085-90E8-2B7C5ECD61F6}"
EndProject
Project("{FAE04EC0-301F-11D3-BF4B-00C04F79EFBC}") = "QForms.Application.Contracts", "src\QForms.Application.Contracts\QForms.Application.Contracts.csproj", "{6847507E-EAB6-4000-B94D-DD209B066E73}"
EndProject
Project("{FAE04EC0-301F-11D3-BF4B-00C04F79EFBC}") = "QForms.API", "src\QForms.API\QForms.API.csproj", "{26B1F3DF-8DA0-468A-94ED-4BC0118134BF}"
EndProject
Global
	GlobalSection(SolutionConfigurationPlatforms) = preSolution
		Debug|Any CPU = Debug|Any CPU
		Release|Any CPU = Release|Any CPU
	EndGlobalSection
	GlobalSection(ProjectConfigurationPlatforms) = postSolution
		{6EEC6F34-C0D7-439E-A6EB-C506837ECF72}.Debug|Any CPU.ActiveCfg = Debug|Any CPU
		{6EEC6F34-C0D7-439E-A6EB-C506837ECF72}.Debug|Any CPU.Build.0 = Debug|Any CPU
		{6EEC6F34-C0D7-439E-A6EB-C506837ECF72}.Release|Any CPU.ActiveCfg = Release|Any CPU
		{6EEC6F34-C0D7-439E-A6EB-C506837ECF72}.Release|Any CPU.Build.0 = Release|Any CPU
		{EDCCA367-89DD-4DC4-9B84-DCA91F5C7D87}.Debug|Any CPU.ActiveCfg = Debug|Any CPU
		{EDCCA367-89DD-4DC4-9B84-DCA91F5C7D87}.Debug|Any CPU.Build.0 = Debug|Any CPU
		{EDCCA367-89DD-4DC4-9B84-DCA91F5C7D87}.Release|Any CPU.ActiveCfg = Release|Any CPU
		{EDCCA367-89DD-4DC4-9B84-DCA91F5C7D87}.Release|Any CPU.Build.0 = Release|Any CPU
		{34DD6E15-A6A8-4B63-BD9F-61F6ECE33923}.Debug|Any CPU.ActiveCfg = Debug|Any CPU
		{34DD6E15-A6A8-4B63-BD9F-61F6ECE33923}.Debug|Any CPU.Build.0 = Debug|Any CPU
		{34DD6E15-A6A8-4B63-BD9F-61F6ECE33923}.Release|Any CPU.ActiveCfg = Release|Any CPU
		{34DD6E15-A6A8-4B63-BD9F-61F6ECE33923}.Release|Any CPU.Build.0 = Release|Any CPU
		{C94C7D7A-C718-4666-9A04-9F9C915F83EF}.Debug|Any CPU.ActiveCfg = Debug|Any CPU
		{C94C7D7A-C718-4666-9A04-9F9C915F83EF}.Debug|Any CPU.Build.0 = Debug|Any CPU
		{C94C7D7A-C718-4666-9A04-9F9C915F83EF}.Release|Any CPU.ActiveCfg = Release|Any CPU
		{C94C7D7A-C718-4666-9A04-9F9C915F83EF}.Release|Any CPU.Build.0 = Release|Any CPU
		{9CDDBEA0-3733-4EE5-AC01-D95B29F838A2}.Debug|Any CPU.ActiveCfg = Debug|Any CPU
		{9CDDBEA0-3733-4EE5-AC01-D95B29F838A2}.Debug|Any CPU.Build.0 = Debug|Any CPU
		{9CDDBEA0-3733-4EE5-AC01-D95B29F838A2}.Release|Any CPU.ActiveCfg = Release|Any CPU
		{9CDDBEA0-3733-4EE5-AC01-D95B29F838A2}.Release|Any CPU.Build.0 = Release|Any CPU
		{3D524BA1-E2AF-45FB-AE15-6064EDE66E12}.Debug|Any CPU.ActiveCfg = Debug|Any CPU
		{3D524BA1-E2AF-45FB-AE15-6064EDE66E12}.Debug|Any CPU.Build.0 = Debug|Any CPU
		{3D524BA1-E2AF-45FB-AE15-6064EDE66E12}.Release|Any CPU.ActiveCfg = Release|Any CPU
		{3D524BA1-E2AF-45FB-AE15-6064EDE66E12}.Release|Any CPU.Build.0 = Release|Any CPU
		{0D8B1A86-8BD1-4085-90E8-2B7C5ECD61F6}.Debug|Any CPU.ActiveCfg = Debug|Any CPU
		{0D8B1A86-8BD1-4085-90E8-2B7C5ECD61F6}.Debug|Any CPU.Build.0 = Debug|Any CPU
		{0D8B1A86-8BD1-4085-90E8-2B7C5ECD61F6}.Release|Any CPU.ActiveCfg = Release|Any CPU
		{0D8B1A86-8BD1-4085-90E8-2B7C5ECD61F6}.Release|Any CPU.Build.0 = Release|Any CPU
		{6847507E-EAB6-4000-B94D-DD209B066E73}.Debug|Any CPU.ActiveCfg = Debug|Any CPU
		{6847507E-EAB6-4000-B94D-DD209B066E73}.Debug|Any CPU.Build.0 = Debug|Any CPU
		{6847507E-EAB6-4000-B94D-DD209B066E73}.Release|Any CPU.ActiveCfg = Release|Any CPU
		{6847507E-EAB6-4000-B94D-DD209B066E73}.Release|Any CPU.Build.0 = Release|Any CPU
		{26B1F3DF-8DA0-468A-94ED-4BC0118134BF}.Debug|Any CPU.ActiveCfg = Debug|Any CPU
		{26B1F3DF-8DA0-468A-94ED-4BC0118134BF}.Debug|Any CPU.Build.0 = Debug|Any CPU
		{26B1F3DF-8DA0-468A-94ED-4BC0118134BF}.Release|Any CPU.ActiveCfg = Release|Any CPU
		{26B1F3DF-8DA0-468A-94ED-4BC0118134BF}.Release|Any CPU.Build.0 = Release|Any CPU
	EndGlobalSection
	GlobalSection(NestedProjects) = preSolution
		{6EEC6F34-C0D7-439E-A6EB-C506837ECF72} = {EBEF99DD-B53A-419B-A6CB-FEA9331D5602}
		{EDCCA367-89DD-4DC4-9B84-DCA91F5C7D87} = {EBEF99DD-B53A-419B-A6CB-FEA9331D5602}
		{34DD6E15-A6A8-4B63-BD9F-61F6ECE33923} = {EBEF99DD-B53A-419B-A6CB-FEA9331D5602}
		{C94C7D7A-C718-4666-9A04-9F9C915F83EF} = {EBEF99DD-B53A-419B-A6CB-FEA9331D5602}
		{9CDDBEA0-3733-4EE5-AC01-D95B29F838A2} = {EBEF99DD-B53A-419B-A6CB-FEA9331D5602}
		{3D524BA1-E2AF-45FB-AE15-6064EDE66E12} = {EBEF99DD-B53A-419B-A6CB-FEA9331D5602}
		{0D8B1A86-8BD1-4085-90E8-2B7C5ECD61F6} = {EBEF99DD-B53A-419B-A6CB-FEA9331D5602}
		{6847507E-EAB6-4000-B94D-DD209B066E73} = {EBEF99DD-B53A-419B-A6CB-FEA9331D5602}
		{26B1F3DF-8DA0-468A-94ED-4BC0118134BF} = {EBEF99DD-B53A-419B-A6CB-FEA9331D5602}
	EndGlobalSection
EndGlobal
